
Microsoft Visual Studio Solution File, Format Version 12.00
# Visual Studio Version 16
VisualStudioVersion = 16.0.31313.79
MinimumVisualStudioVersion = 10.0.40219.1
Project("{F184B08F-C81C-45F6-A57F-5ABD9991F28F}") = "Ejercicio_basico_DDR_3", "Ejercicio_basico_DDR_3\Ejercicio_basico_DDR_3.vbproj", "{641E7B90-A3D3-49AA-971D-C960047A3F8D}"
EndProject
Global
	GlobalSection(SolutionConfigurationPlatforms) = preSolution
		Debug|Any CPU = Debug|Any CPU
		Release|Any CPU = Release|Any CPU
	EndGlobalSection
	GlobalSection(ProjectConfigurationPlatforms) = postSolution
		{641E7B90-A3D3-49AA-971D-C960047A3F8D}.Debug|Any CPU.ActiveCfg = Debug|Any CPU
		{641E7B90-A3D3-49AA-971D-C960047A3F8D}.Debug|Any CPU.Build.0 = Debug|Any CPU
		{641E7B90-A3D3-49AA-971D-C960047A3F8D}.Release|Any CPU.ActiveCfg = Release|Any CPU
		{641E7B90-A3D3-49AA-971D-C960047A3F8D}.Release|Any CPU.Build.0 = Release|Any CPU
	EndGlobalSection
	GlobalSection(SolutionProperties) = preSolution
		HideSolutionNode = FALSE
	EndGlobalSection
	GlobalSection(ExtensibilityGlobals) = postSolution
		SolutionGuid = {E787FF87-9F8C-4E9B-8F2F-F9352312959E}
	EndGlobalSection
EndGlobal
